# mcp-bash.lock - Pin mcp-bash-framework version and commit
# Source this file in bash scripts: source mcp-bash.lock
# Update: git ls-remote https://github.com/yaniv-golan/mcp-bash-framework.git vX.Y.Z
MCPBASH_VERSION=0.9.6
MCPBASH_COMMIT=db9c568d50a7861131b25228ca7f2fd0d6b8cc39
# SHA256 of v0.9.6 tarball (for verified installs)
MCPBASH_SHA256=67779bc7ba5cb9df44a0cebc9b373b0f92d3f9925bc364c5e8a6c09f6d2b5738
